# This file is automatically @generated by Cargo.
# It is not intended for manual editing.
version = 4

[[package]]
name = "allocator-api2"
version = "0.2.21"
source = "registry+https://github.com/rust-lang/crates.io-index"
checksum = "683d7910e743518b0e34f1186f92494becacb047c7b6bf616c96772180fef923"

[[package]]
name = "approx"
version = "0.5.1"
source = "registry+https://github.com/rust-lang/crates.io-index"
checksum = "cab112f0a86d568ea0e627cc1d6be74a1e9cd55214684db5561995f6dad897c6"
dependencies = [
 "num-traits",
]

[[package]]
name = "arrayvec"
version = "0.7.8"
source = "registry+https://github.com/rust-lang/crates.io-index"
checksum = "d3fb67a6e08acf24fdeccbac2cb6ac4305825bd1f117462e0e6f2f193345ad56"

[[package]]
name = "asha-gameplay-module-sdk"
version = "0.1.0"
source = "git+https://github.com/FuzzySlipper/asha-engine.git?rev=67ce55dba602ad61e1b9ca3b0ad01a22fa4fe148#67ce55dba602ad61e1b9ca3b0ad01a22fa4fe148"
dependencies = [
 "gameplay-module-sdk",
]

[[package]]
name = "asha-runtime-session-composition"
version = "0.1.0"
source = "git+https://github.com/FuzzySlipper/asha-engine.git?rev=67ce55dba602ad61e1b9ca3b0ad01a22fa4fe148#67ce55dba602ad61e1b9ca3b0ad01a22fa4fe148"
dependencies = [
 "gameplay-runtime-host",
 "runtime-bridge-api",
]

[[package]]
name = "autocfg"
version = "1.5.1"
source = "registry+https://github.com/rust-lang/crates.io-index"
checksum = "f2032f911046de80f0a198e0901378627c33f59ea0ac00e363d481118bd70a53"

[[package]]
name = "bitflags"
version = "2.13.1"
source = "registry+https://github.com/rust-lang/crates.io-index"
checksum = "b588b76d00fde79687d7646a9b5bdf3cc0f655e0bbd080335a95d7e96f3587da"

[[package]]
name = "block-buffer"
version = "0.10.4"
source = "registry+https://github.com/rust-lang/crates.io-index"
checksum = "3078c7629b62d3f0439517fa394996acacc5cbc91c5a20d8c658e77abd503a71"
dependencies = [
 "generic-array",
]

[[package]]
name = "bytemuck"
version = "1.25.1"
source = "registry+https://github.com/rust-lang/crates.io-index"
checksum = "d6aedf8ae72766347502cf3cb4f41cf5e9cc37d28bee90f1fdaaae15f9cf9424"

[[package]]
name = "byteorder"
version = "1.5.0"
source = "registry+https://github.com/rust-lang/crates.io-index"
checksum = "1fd0f2584146f6f2ef48085050886acf353beff7305ebd1ae69500e27c67f64b"

[[package]]
name = "cfg-if"
version = "1.0.4"
source = "registry+https://github.com/rust-lang/crates.io-index"
checksum = "9330f8b2ff13f34540b44e946ef35111825727b38d33286ef986142615121801"

[[package]]
name = "core-assets"
version = "0.1.0"
source = "git+https://github.com/FuzzySlipper/asha-engine.git?rev=67ce55dba602ad61e1b9ca3b0ad01a22fa4fe148#67ce55dba602ad61e1b9ca3b0ad01a22fa4fe148"

[[package]]
name = "core-catalog"
version = "0.1.0"
source = "git+https://github.com/FuzzySlipper/asha-engine.git?rev=67ce55dba602ad61e1b9ca3b0ad01a22fa4fe148#67ce55dba602ad61e1b9ca3b0ad01a22fa4fe148"
dependencies = [
 "core-assets",
 "core-voxel",
]

[[package]]
name = "core-commands"
version = "0.1.0"
source = "git+https://github.com/FuzzySlipper/asha-engine.git?rev=67ce55dba602ad61e1b9ca3b0ad01a22fa4fe148#67ce55dba602ad61e1b9ca3b0ad01a22fa4fe148"
dependencies = [
 "core-ids",
 "core-space",
 "core-voxel",
]

[[package]]
name = "core-entity"
version = "0.1.0"
source = "git+https://github.com/FuzzySlipper/asha-engine.git?rev=67ce55dba602ad61e1b9ca3b0ad01a22fa4fe148#67ce55dba602ad61e1b9ca3b0ad01a22fa4fe148"
dependencies = [
 "core-assets",
 "core-error",
 "core-ids",
 "core-math",
]

[[package]]
name = "core-error"
version = "0.1.0"
source = "git+https://github.com/FuzzySlipper/asha-engine.git?rev=67ce55dba602ad61e1b9ca3b0ad01a22fa4fe148#67ce55dba602ad61e1b9ca3b0ad01a22fa4fe148"

[[package]]
name = "core-events"
version = "0.1.0"
source = "git+https://github.com/FuzzySlipper/asha-engine.git?rev=67ce55dba602ad61e1b9ca3b0ad01a22fa4fe148#67ce55dba602ad61e1b9ca3b0ad01a22fa4fe148"
dependencies = [
 "core-ids",
 "core-space",
 "core-voxel",
]

[[package]]
name = "core-game-rules"
version = "0.1.0"
source = "git+https://github.com/FuzzySlipper/asha-engine.git?rev=67ce55dba602ad61e1b9ca3b0ad01a22fa4fe148#67ce55dba602ad61e1b9ca3b0ad01a22fa4fe148"
dependencies = [
 "core-error",
 "core-ids",
 "core-time",
]

[[package]]
name = "core-ids"
version = "0.1.0"
source = "git+https://github.com/FuzzySlipper/asha-engine.git?rev=67ce55dba602ad61e1b9ca3b0ad01a22fa4fe148#67ce55dba602ad61e1b9ca3b0ad01a22fa4fe148"

[[package]]
name = "core-math"
version = "0.1.0"
source = "git+https://github.com/FuzzySlipper/asha-engine.git?rev=67ce55dba602ad61e1b9ca3b0ad01a22fa4fe148#67ce55dba602ad61e1b9ca3b0ad01a22fa4fe148"

[[package]]
name = "core-scene"
version = "0.1.0"
source = "git+https://github.com/FuzzySlipper/asha-engine.git?rev=67ce55dba602ad61e1b9ca3b0ad01a22fa4fe148#67ce55dba602ad61e1b9ca3b0ad01a22fa4fe148"
dependencies = [
 "core-assets",
 "core-entity",
 "core-error",
 "core-ids",
 "core-math",
]

[[package]]
name = "core-snapshot"
version = "0.1.0"
source = "git+https://github.com/FuzzySlipper/asha-engine.git?rev=67ce55dba602ad61e1b9ca3b0ad01a22fa4fe148#67ce55dba602ad61e1b9ca3b0ad01a22fa4fe148"
dependencies = [
 "core-ids",
 "core-state",
]

[[package]]
name = "core-space"
version = "0.1.0"
source = "git+https://github.com/FuzzySlipper/asha-engine.git?rev=67ce55dba602ad61e1b9ca3b0ad01a22fa4fe148#67ce55dba602ad61e1b9ca3b0ad01a22fa4fe148"

[[package]]
name = "core-state"
version = "0.1.0"
source = "git+https://github.com/FuzzySlipper/asha-engine.git?rev=67ce55dba602ad61e1b9ca3b0ad01a22fa4fe148#67ce55dba602ad61e1b9ca3b0ad01a22fa4fe148"
dependencies = [
 "core-ids",
]

[[package]]
name = "core-time"
version = "0.1.0"
source = "git+https://github.com/FuzzySlipper/asha-engine.git?rev=67ce55dba602ad61e1b9ca3b0ad01a22fa4fe148#67ce55dba602ad61e1b9ca3b0ad01a22fa4fe148"

[[package]]
name = "core-voxel"
version = "0.1.0"
source = "git+https://github.com/FuzzySlipper/asha-engine.git?rev=67ce55dba602ad61e1b9ca3b0ad01a22fa4fe148#67ce55dba602ad61e1b9ca3b0ad01a22fa4fe148"

[[package]]
name = "cpufeatures"
version = "0.2.17"
source = "registry+https://github.com/rust-lang/crates.io-index"
checksum = "59ed5838eebb26a2bb2e58f6d5b5316989ae9d08bab10e0e6d103e656d1b0280"
dependencies = [
 "libc",
]

[[package]]
name = "crypto-common"
version = "0.1.7"
source = "registry+https://github.com/rust-lang/crates.io-index"
checksum = "78c8292055d1c1df0cce5d180393dc8cce0abec0a7102adb6c7b1eef6016d60a"
dependencies = [
 "generic-array",
 "typenum",
]

[[package]]
name = "digest"
version = "0.10.7"
source = "registry+https://github.com/rust-lang/crates.io-index"
checksum = "9ed9a281f7bc9b7576e61468ba615a66a5c8cfdff42420a70aa82701a3b1e292"
dependencies = [
 "block-buffer",
 "crypto-common",
]

[[package]]
name = "downcast-rs"
version = "2.0.2"
source = "registry+https://github.com/rust-lang/crates.io-index"
checksum = "117240f60069e65410b3ae1bb213295bd828f707b5bec6596a1afc8793ce0cbc"

[[package]]
name = "either"
version = "1.16.0"
source = "registry+https://github.com/rust-lang/crates.io-index"
checksum = "91622ff5e7162018101f2fea40d6ebf4a78bbe5a49736a2020649edf9693679e"

[[package]]
name = "ena"
version = "0.14.4"
source = "registry+https://github.com/rust-lang/crates.io-index"
checksum = "eabffdaee24bd1bf95c5ef7cec31260444317e72ea56c4c91750e8b7ee58d5f1"
dependencies = [
 "log",
]

[[package]]
name = "equivalent"
version = "1.0.2"
source = "registry+https://github.com/rust-lang/crates.io-index"
checksum = "877a4ace8713b0bcf2a4e7eec82529c029f1d0619886d18145fea96c3ffe5c0f"

[[package]]
name = "foldhash"
version = "0.2.0"
source = "registry+https://github.com/rust-lang/crates.io-index"
checksum = "77ce24cb58228fbb8aa041425bb1050850ac19177686ea6e0f41a70416f56fdb"

[[package]]
name = "game-rule-extension"
version = "0.1.0"
source = "git+https://github.com/FuzzySlipper/asha-engine.git?rev=67ce55dba602ad61e1b9ca3b0ad01a22fa4fe148#67ce55dba602ad61e1b9ca3b0ad01a22fa4fe148"
dependencies = [
 "protocol-diagnostics",
 "protocol-game-extension",
]

[[package]]
name = "gameplay-module-sdk"
version = "0.1.0"
source = "git+https://github.com/FuzzySlipper/asha-engine.git?rev=67ce55dba602ad61e1b9ca3b0ad01a22fa4fe148#67ce55dba602ad61e1b9ca3b0ad01a22fa4fe148"
dependencies = [
 "core-ids",
 "core-time",
 "game-rule-extension",
 "protocol-game-extension",
 "rule-gameplay-fabric",
 "serde",
 "serde_json",
 "svc-gameplay-fabric",
 "svc-rng",
]

[[package]]
name = "gameplay-runtime-host"
version = "0.1.0"
source = "git+https://github.com/FuzzySlipper/asha-engine.git?rev=67ce55dba602ad61e1b9ca3b0ad01a22fa4fe148#67ce55dba602ad61e1b9ca3b0ad01a22fa4fe148"
dependencies = [
 "core-entity",
 "core-ids",
 "core-math",
 "gameplay-module-sdk",
 "protocol-entity-authoring",
 "protocol-game-extension",
 "protocol-project-bundle",
 "rule-gameplay-fabric",
 "rule-project-bundle",
 "rule-scheduler",
 "rule-trigger-volume",
 "serde",
 "serde_json",
 "svc-entity-authoring",
 "svc-gameplay-fabric",
 "svc-serialization",
]

[[package]]
name = "generic-array"
version = "0.14.7"
source = "registry+https://github.com/rust-lang/crates.io-index"
checksum = "85649ca51fd72272d7821adaf274ad91c288277713d9c18820d8499a7ff69e9a"
dependencies = [
 "typenum",
 "version_check",
]

[[package]]
name = "glam"
version = "0.33.2"
source = "registry+https://github.com/rust-lang/crates.io-index"
checksum = "7f22fb22f065b308be0d8724e3706c7fa3fc2a6c7d6899df4cad7860e7a75436"
dependencies = [
 "approx",
 "libm",
]

[[package]]
name = "glamx"
version = "0.3.0"
source = "registry+https://github.com/rust-lang/crates.io-index"
checksum = "9847f980afb0628849bcd6a406cdffd29eb9d53fca83e1646005901a9acd4c5c"
dependencies = [
 "approx",
 "glam",
 "num-traits",
 "simba",
]

[[package]]
name = "gltf"
version = "1.4.1"
source = "registry+https://github.com/rust-lang/crates.io-index"
checksum = "e3ce1918195723ce6ac74e80542c5a96a40c2b26162c1957a5cd70799b8cacf7"
dependencies = [
 "byteorder",
 "gltf-json",
 "lazy_static",
 "serde_json",
]

[[package]]
name = "gltf-derive"
version = "1.4.1"
source = "registry+https://github.com/rust-lang/crates.io-index"
checksum = "14070e711538afba5d6c807edb74bcb84e5dbb9211a3bf5dea0dfab5b24f4c51"
dependencies = [
 "inflections",
 "proc-macro2",
 "quote",
 "syn",
]

[[package]]
name = "gltf-json"
version = "1.4.1"
source = "registry+https://github.com/rust-lang/crates.io-index"
checksum = "e6176f9d60a7eab0a877e8e96548605dedbde9190a7ae1e80bbcc1c9af03ab14"
dependencies = [
 "gltf-derive",
 "serde",
 "serde_derive",
 "serde_json",
]

[[package]]
name = "hash32"
version = "0.3.1"
source = "registry+https://github.com/rust-lang/crates.io-index"
checksum = "47d60b12902ba28e2730cd37e95b8c9223af2808df9e902d4df49588d1470606"
dependencies = [
 "byteorder",
]

[[package]]
name = "hashbrown"
version = "0.16.1"
source = "registry+https://github.com/rust-lang/crates.io-index"
checksum = "841d1cc9bed7f9236f321df977030373f4a4163ae1a7dbfe1a51a2c1a51d9100"
dependencies = [
 "allocator-api2",
 "equivalent",
 "foldhash",
]

[[package]]
name = "hashbrown"
version = "0.17.1"
source = "registry+https://github.com/rust-lang/crates.io-index"
checksum = "ed5909b6e89a2db4456e54cd5f673791d7eca6732202bbf2a9cc504fe2f9b84a"
dependencies = [
 "foldhash",
]

[[package]]
name = "heapless"
version = "0.8.0"
source = "registry+https://github.com/rust-lang/crates.io-index"
checksum = "0bfb9eb618601c89945a70e254898da93b13be0388091d42117462b265bb3fad"
dependencies = [
 "hash32",
 "stable_deref_trait",
]

[[package]]
name = "inflections"
version = "1.1.1"
source = "registry+https://github.com/rust-lang/crates.io-index"
checksum = "a257582fdcde896fd96463bf2d40eefea0580021c0712a0e2b028b60b47a837a"

[[package]]
name = "itoa"
version = "1.0.18"
source = "registry+https://github.com/rust-lang/crates.io-index"
checksum = "8f42a60cbdf9a97f5d2305f08a87dc4e09308d1276d28c869c684d7777685682"

[[package]]
name = "lazy_static"
version = "1.5.0"
source = "registry+https://github.com/rust-lang/crates.io-index"
checksum = "bbd2bcb4c963f2ddae06a2efc7e9f3591312473c50c6685e1f298068316e66fe"

[[package]]
name = "libc"
version = "0.2.186"
source = "registry+https://github.com/rust-lang/crates.io-index"
checksum = "68ab91017fe16c622486840e4c83c9a37afeff978bd239b5293d61ece587de66"

[[package]]
name = "libm"
version = "0.2.16"
source = "registry+https://github.com/rust-lang/crates.io-index"
checksum = "b6d2cec3eae94f9f509c767b45932f1ada8350c4bdb85af2fcab4a3c14807981"

[[package]]
name = "log"
version = "0.4.33"
source = "registry+https://github.com/rust-lang/crates.io-index"
checksum = "0ceec5bc11778974d1bcb055b18002eba7f4b3518b6a0081b3af5f21666da9ad"

[[package]]
name = "memchr"
version = "2.8.3"
source = "registry+https://github.com/rust-lang/crates.io-index"
checksum = "cf8baf1c55e62ffcace7a9f06f4bd9cd3f0c4beb022d3b367256b91b87513d98"

[[package]]
name = "num-complex"
version = "0.4.6"
source = "registry+https://github.com/rust-lang/crates.io-index"
checksum = "73f88a1307638156682bada9d7604135552957b7818057dcef22705b4d509495"
dependencies = [
 "num-traits",
]

[[package]]
name = "num-derive"
version = "0.4.2"
source = "registry+https://github.com/rust-lang/crates.io-index"
checksum = "ed3955f1a9c7c0c15e092f9c887db08b1fc683305fdf6eb6684f22555355e202"
dependencies = [
 "proc-macro2",
 "quote",
 "syn",
]

[[package]]
name = "num-traits"
version = "0.2.19"
source = "registry+https://github.com/rust-lang/crates.io-index"
checksum = "071dfc062690e90b734c0b2273ce72ad0ffa95f0c74596bc250dcfd960262841"
dependencies = [
 "autocfg",
 "libm",
]

[[package]]
name = "ordered-float"
version = "5.3.0"
source = "registry+https://github.com/rust-lang/crates.io-index"
checksum = "b7d950ca161dc355eaf28f82b11345ed76c6e1f6eb1f4f4479e0323b9e2fbd0e"
dependencies = [
 "num-traits",
]

[[package]]
name = "parry3d-f64"
version = "0.28.0"
source = "registry+https://github.com/rust-lang/crates.io-index"
checksum = "cd4914d128fa7236407b1d12fcdc689f7dc7010faae7ab4272c509c8b937c1cb"
dependencies = [
 "approx",
 "arrayvec",
 "bitflags",
 "downcast-rs",
 "either",
 "ena",
 "foldhash",
 "glamx",
 "hashbrown 0.17.1",
 "log",
 "num-derive",
 "num-traits",
 "ordered-float",
 "rstar",
 "simba",
 "slab",
 "smallvec",
 "spade",
 "thiserror",
]

[[package]]
name = "proc-macro2"
version = "1.0.106"
source = "registry+https://github.com/rust-lang/crates.io-index"
checksum = "8fd00f0bb2e90d81d1044c2b32617f68fcb9fa3bb7640c23e9c748e53fb30934"
dependencies = [
 "unicode-ident",
]

[[package]]
name = "protocol-assets"
version = "0.1.0"
source = "git+https://github.com/FuzzySlipper/asha-engine.git?rev=67ce55dba602ad61e1b9ca3b0ad01a22fa4fe148#67ce55dba602ad61e1b9ca3b0ad01a22fa4fe148"
dependencies = [
 "core-assets",
 "core-ids",
]

[[package]]
name = "protocol-diagnostics"
version = "0.1.0"
source = "git+https://github.com/FuzzySlipper/asha-engine.git?rev=67ce55dba602ad61e1b9ca3b0ad01a22fa4fe148#67ce55dba602ad61e1b9ca3b0ad01a22fa4fe148"
dependencies = [
 "serde",
]

[[package]]
name = "protocol-entity-authoring"
version = "0.1.0"
source = "git+https://github.com/FuzzySlipper/asha-engine.git?rev=67ce55dba602ad61e1b9ca3b0ad01a22fa4fe148#67ce55dba602ad61e1b9ca3b0ad01a22fa4fe148"
dependencies = [
 "core-ids",
]

[[package]]
name = "protocol-game-extension"
version = "0.1.0"
source = "git+https://github.com/FuzzySlipper/asha-engine.git?rev=67ce55dba602ad61e1b9ca3b0ad01a22fa4fe148#67ce55dba602ad61e1b9ca3b0ad01a22fa4fe148"
dependencies = [
 "core-ids",
 "protocol-diagnostics",
 "protocol-project-bundle",
 "serde",
]

[[package]]
name = "protocol-game-rules"
version = "0.1.0"
source = "git+https://github.com/FuzzySlipper/asha-engine.git?rev=67ce55dba602ad61e1b9ca3b0ad01a22fa4fe148#67ce55dba602ad61e1b9ca3b0ad01a22fa4fe148"
dependencies = [
 "core-ids",
 "protocol-diagnostics",
 "serde",
]

[[package]]
name = "protocol-input"
version = "0.1.0"
source = "git+https://github.com/FuzzySlipper/asha-engine.git?rev=67ce55dba602ad61e1b9ca3b0ad01a22fa4fe148#67ce55dba602ad61e1b9ca3b0ad01a22fa4fe148"
dependencies = [
 "serde",
]

[[package]]
name = "protocol-presentation"
version = "0.1.0"
source = "git+https://github.com/FuzzySlipper/asha-engine.git?rev=67ce55dba602ad61e1b9ca3b0ad01a22fa4fe148#67ce55dba602ad61e1b9ca3b0ad01a22fa4fe148"
dependencies = [
 "core-ids",
 "protocol-render",
 "serde",
]

[[package]]
name = "protocol-project-bundle"
version = "0.1.0"
source = "git+https://github.com/FuzzySlipper/asha-engine.git?rev=67ce55dba602ad61e1b9ca3b0ad01a22fa4fe148#67ce55dba602ad61e1b9ca3b0ad01a22fa4fe148"
dependencies = [
 "core-ids",
 "serde",
]

[[package]]
name = "protocol-render"
version = "0.1.0"
source = "git+https://github.com/FuzzySlipper/asha-engine.git?rev=67ce55dba602ad61e1b9ca3b0ad01a22fa4fe148#67ce55dba602ad61e1b9ca3b0ad01a22fa4fe148"
dependencies = [
 "core-ids",
 "protocol-assets",
 "serde",
]

[[package]]
name = "protocol-replay"
version = "0.1.0"
source = "git+https://github.com/FuzzySlipper/asha-engine.git?rev=67ce55dba602ad61e1b9ca3b0ad01a22fa4fe148#67ce55dba602ad61e1b9ca3b0ad01a22fa4fe148"
dependencies = [
 "core-commands",
 "core-events",
 "core-ids",
]

[[package]]
name = "protocol-scene"
version = "0.1.0"
source = "git+https://github.com/FuzzySlipper/asha-engine.git?rev=67ce55dba602ad61e1b9ca3b0ad01a22fa4fe148#67ce55dba602ad61e1b9ca3b0ad01a22fa4fe148"
dependencies = [
 "core-ids",
]

[[package]]
name = "protocol-time-control"
version = "0.1.0"
source = "git+https://github.com/FuzzySlipper/asha-engine.git?rev=67ce55dba602ad61e1b9ca3b0ad01a22fa4fe148#67ce55dba602ad61e1b9ca3b0ad01a22fa4fe148"
dependencies = [
 "serde",
]

[[package]]
name = "protocol-view"
version = "0.1.0"
source = "git+https://github.com/FuzzySlipper/asha-engine.git?rev=67ce55dba602ad61e1b9ca3b0ad01a22fa4fe148#67ce55dba602ad61e1b9ca3b0ad01a22fa4fe148"
dependencies = [
 "core-space",
 "serde",
]

[[package]]
name = "protocol-voxel-annotation"
version = "0.1.0"
source = "git+https://github.com/FuzzySlipper/asha-engine.git?rev=67ce55dba602ad61e1b9ca3b0ad01a22fa4fe148#67ce55dba602ad61e1b9ca3b0ad01a22fa4fe148"
dependencies = [
 "protocol-diagnostics",
 "serde",
]

[[package]]
name = "protocol-voxel-asset"
version = "0.1.0"
source = "git+https://github.com/FuzzySlipper/asha-engine.git?rev=67ce55dba602ad61e1b9ca3b0ad01a22fa4fe148#67ce55dba602ad61e1b9ca3b0ad01a22fa4fe148"
dependencies = [
 "protocol-diagnostics",
 "serde",
]

[[package]]
name = "protocol-voxel-conversion"
version = "0.1.0"
source = "git+https://github.com/FuzzySlipper/asha-engine.git?rev=67ce55dba602ad61e1b9ca3b0ad01a22fa4fe148#67ce55dba602ad61e1b9ca3b0ad01a22fa4fe148"
dependencies = [
 "protocol-diagnostics",
 "serde",
]

[[package]]
name = "protocol-voxel-edit-history"
version = "0.1.0"
source = "git+https://github.com/FuzzySlipper/asha-engine.git?rev=67ce55dba602ad61e1b9ca3b0ad01a22fa4fe148#67ce55dba602ad61e1b9ca3b0ad01a22fa4fe148"
dependencies = [
 "protocol-diagnostics",
 "serde",
]

[[package]]
name = "quote"
version = "1.0.46"
source = "registry+https://github.com/rust-lang/crates.io-index"
checksum = "dfbc457d0c7a0759a614551b11a6409e5951f6c7537be1f1b7682b9ae9230368"
dependencies = [
 "proc-macro2",
]

[[package]]
name = "render-animation"
version = "0.1.0"
source = "git+https://github.com/FuzzySlipper/asha-engine.git?rev=67ce55dba602ad61e1b9ca3b0ad01a22fa4fe148#67ce55dba602ad61e1b9ca3b0ad01a22fa4fe148"
dependencies = [
 "core-ids",
 "protocol-presentation",
 "protocol-render",
 "rule-animation-controller",
]

[[package]]
name = "render-audio"
version = "0.1.0"
source = "git+https://github.com/FuzzySlipper/asha-engine.git?rev=67ce55dba602ad61e1b9ca3b0ad01a22fa4fe148#67ce55dba602ad61e1b9ca3b0ad01a22fa4fe148"
dependencies = [
 "core-assets",
 "core-catalog",
 "protocol-presentation",
 "protocol-render",
]

[[package]]
name = "render-billboard"
version = "0.1.0"
source = "git+https://github.com/FuzzySlipper/asha-engine.git?rev=67ce55dba602ad61e1b9ca3b0ad01a22fa4fe148#67ce55dba602ad61e1b9ca3b0ad01a22fa4fe148"
dependencies = [
 "core-assets",
 "core-catalog",
 "protocol-presentation",
]

[[package]]
name = "render-particle"
version = "0.1.0"
source = "git+https://github.com/FuzzySlipper/asha-engine.git?rev=67ce55dba602ad61e1b9ca3b0ad01a22fa4fe148#67ce55dba602ad61e1b9ca3b0ad01a22fa4fe148"
dependencies = [
 "core-assets",
 "core-catalog",
 "protocol-presentation",
]

[[package]]
name = "render-telemetry-overlay"
version = "0.1.0"
source = "git+https://github.com/FuzzySlipper/asha-engine.git?rev=67ce55dba602ad61e1b9ca3b0ad01a22fa4fe148#67ce55dba602ad61e1b9ca3b0ad01a22fa4fe148"
dependencies = [
 "protocol-presentation",
]

[[package]]
name = "robust"
version = "1.2.0"
source = "registry+https://github.com/rust-lang/crates.io-index"
checksum = "4e27ee8bb91ca0adcf0ecb116293afa12d393f9c2b9b9cd54d33e8078fe19839"

[[package]]
name = "rpg-compiler"
version = "0.1.0"
source = "git+https://github.com/FuzzySlipper/asha-rpg.git?rev=ef463d2d0ea3f708f08605c0e9df42b385645397#ef463d2d0ea3f708f08605c0e9df42b385645397"
dependencies = [
 "rpg-core",
 "rpg-ir",
 "serde_json",
]

[[package]]
name = "rpg-core"
version = "0.1.0"
source = "git+https://github.com/FuzzySlipper/asha-rpg.git?rev=ef463d2d0ea3f708f08605c0e9df42b385645397#ef463d2d0ea3f708f08605c0e9df42b385645397"

[[package]]
name = "rpg-ir"
version = "0.1.0"
source = "git+https://github.com/FuzzySlipper/asha-rpg.git?rev=ef463d2d0ea3f708f08605c0e9df42b385645397#ef463d2d0ea3f708f08605c0e9df42b385645397"
dependencies = [
 "rpg-core",
 "serde",
 "serde_json",
]

[[package]]
name = "rpg-runtime"
version = "0.1.0"
source = "git+https://github.com/FuzzySlipper/asha-rpg.git?rev=ef463d2d0ea3f708f08605c0e9df42b385645397#ef463d2d0ea3f708f08605c0e9df42b385645397"
dependencies = [
 "asha-gameplay-module-sdk",
 "asha-runtime-session-composition",
 "rpg-compiler",
 "rpg-core",
 "serde",
 "serde_json",
]

[[package]]
name = "rstar"
version = "0.13.0"
source = "registry+https://github.com/rust-lang/crates.io-index"
checksum = "5912b862fa5ffb462607bfd1e35036c458c537921f508c8235a83d5f3987edfe"
dependencies = [
 "heapless",
 "num-traits",
 "smallvec",
]

[[package]]
name = "rule-animation-controller"
version = "0.1.0"
source = "git+https://github.com/FuzzySlipper/asha-engine.git?rev=67ce55dba602ad61e1b9ca3b0ad01a22fa4fe148#67ce55dba602ad61e1b9ca3b0ad01a22fa4fe148"
dependencies = [
 "core-ids",
 "rule-state-machine",
 "serde",
 "serde_json",
]

[[package]]
name = "rule-gameplay-fabric"
version = "0.1.0"
source = "git+https://github.com/FuzzySlipper/asha-engine.git?rev=67ce55dba602ad61e1b9ca3b0ad01a22fa4fe148#67ce55dba602ad61e1b9ca3b0ad01a22fa4fe148"
dependencies = [
 "core-entity",
 "core-events",
 "core-game-rules",
 "core-ids",
 "game-rule-extension",
 "protocol-game-extension",
 "protocol-game-rules",
 "protocol-project-bundle",
 "rule-state-machine",
 "rule-trigger-volume",
 "serde",
 "serde_json",
 "svc-combat",
 "svc-game-rules",
 "svc-gameplay-fabric",
 "svc-serialization",
]

[[package]]
name = "rule-input"
version = "0.1.0"
source = "git+https://github.com/FuzzySlipper/asha-engine.git?rev=67ce55dba602ad61e1b9ca3b0ad01a22fa4fe148#67ce55dba602ad61e1b9ca3b0ad01a22fa4fe148"
dependencies = [
 "protocol-input",
]

[[package]]
name = "rule-lifecycle"
version = "0.1.0"
source = "git+https://github.com/FuzzySlipper/asha-engine.git?rev=67ce55dba602ad61e1b9ca3b0ad01a22fa4fe148#67ce55dba602ad61e1b9ca3b0ad01a22fa4fe148"
dependencies = [
 "core-entity",
 "core-ids",
 "core-space",
 "protocol-entity-authoring",
 "protocol-game-extension",
 "protocol-game-rules",
 "rule-gameplay-fabric",
 "svc-collision",
 "svc-combat",
 "svc-entity-authoring",
 "svc-game-rules",
 "svc-pathfinding",
]

[[package]]
name = "rule-project-bundle"
version = "0.1.0"
source = "git+https://github.com/FuzzySlipper/asha-engine.git?rev=67ce55dba602ad61e1b9ca3b0ad01a22fa4fe148#67ce55dba602ad61e1b9ca3b0ad01a22fa4fe148"
dependencies = [
 "core-assets",
 "core-entity",
 "core-events",
 "core-ids",
 "core-math",
 "core-scene",
 "core-space",
 "core-voxel",
 "gameplay-module-sdk",
 "protocol-game-extension",
 "protocol-voxel-annotation",
 "rule-gameplay-fabric",
 "rule-trigger-volume",
 "rule-voxel-edit",
 "serde",
 "serde_json",
 "svc-gameplay-fabric",
 "svc-serialization",
 "svc-spatial",
 "svc-volume",
 "svc-voxel-annotation",
]

[[package]]
name = "rule-scheduler"
version = "0.1.0"
source = "git+https://github.com/FuzzySlipper/asha-engine.git?rev=67ce55dba602ad61e1b9ca3b0ad01a22fa4fe148#67ce55dba602ad61e1b9ca3b0ad01a22fa4fe148"
dependencies = [
 "core-space",
 "protocol-game-extension",
 "rule-gameplay-fabric",
 "serde",
 "serde_json",
]

[[package]]
name = "rule-state-machine"
version = "0.1.0"
source = "git+https://github.com/FuzzySlipper/asha-engine.git?rev=67ce55dba602ad61e1b9ca3b0ad01a22fa4fe148#67ce55dba602ad61e1b9ca3b0ad01a22fa4fe148"
dependencies = [
 "core-error",
 "core-events",
 "core-ids",
]

[[package]]
name = "rule-trigger-volume"
version = "0.1.0"
source = "git+https://github.com/FuzzySlipper/asha-engine.git?rev=67ce55dba602ad61e1b9ca3b0ad01a22fa4fe148#67ce55dba602ad61e1b9ca3b0ad01a22fa4fe148"
dependencies = [
 "core-entity",
 "core-ids",
 "serde",
 "serde_json",
]

[[package]]
name = "rule-voxel-edit"
version = "0.1.0"
source = "git+https://github.com/FuzzySlipper/asha-engine.git?rev=67ce55dba602ad61e1b9ca3b0ad01a22fa4fe148#67ce55dba602ad61e1b9ca3b0ad01a22fa4fe148"
dependencies = [
 "core-commands",
 "core-events",
 "core-space",
 "core-voxel",
 "svc-collision",
 "svc-spatial",
 "svc-volume",
]

[[package]]
name = "rulebench-bridge"
version = "0.1.0"
source = "git+https://github.com/FuzzySlipper/asha-rulebench.git?rev=d6312a85563a8224b04e1ee149f977b7ae5e9ff4#d6312a85563a8224b04e1ee149f977b7ae5e9ff4"
dependencies = [
 "rpg-core",
 "rpg-ir",
 "rulebench-combat",
 "rulebench-content",
 "rulebench-protocol",
 "rulebench-replay",
]

[[package]]
name = "rulebench-combat"
version = "0.1.0"
source = "git+https://github.com/FuzzySlipper/asha-rulebench.git?rev=d6312a85563a8224b04e1ee149f977b7ae5e9ff4#d6312a85563a8224b04e1ee149f977b7ae5e9ff4"
dependencies = [
 "rpg-core",
 "rpg-ir",
 "rpg-runtime",
 "rulebench-content",
]

[[package]]
name = "rulebench-content"
version = "0.1.0"
source = "git+https://github.com/FuzzySlipper/asha-rulebench.git?rev=d6312a85563a8224b04e1ee149f977b7ae5e9ff4#d6312a85563a8224b04e1ee149f977b7ae5e9ff4"
dependencies = [
 "rpg-compiler",
 "rpg-core",
 "rpg-ir",
 "serde",
 "serde_json",
]

[[package]]
name = "rulebench-process-host"
version = "0.1.0"
source = "git+https://github.com/FuzzySlipper/asha-rulebench.git?rev=d6312a85563a8224b04e1ee149f977b7ae5e9ff4#d6312a85563a8224b04e1ee149f977b7ae5e9ff4"
dependencies = [
 "rulebench-bridge",
 "rulebench-product-content",
 "rulebench-protocol",
 "serde",
 "serde_json",
]

[[package]]
name = "rulebench-product-content"
version = "0.1.0"
source = "git+https://github.com/FuzzySlipper/asha-rulebench.git?rev=d6312a85563a8224b04e1ee149f977b7ae5e9ff4#d6312a85563a8224b04e1ee149f977b7ae5e9ff4"
dependencies = [
 "rpg-core",
 "rpg-ir",
 "rulebench-combat",
 "rulebench-content",
 "rulebench-protocol",
 "rulebench-replay",
]

[[package]]
name = "rulebench-proof"
version = "0.1.0"
dependencies = [
 "rpg-core",
 "rpg-ir",
 "rulebench-bridge",
 "rulebench-combat",
 "rulebench-content",
 "rulebench-process-host",
 "rulebench-product-content",
 "rulebench-protocol",
 "rulebench-replay",
 "serde_json",
]

[[package]]
name = "rulebench-protocol"
version = "0.1.0"
source = "git+https://github.com/FuzzySlipper/asha-rulebench.git?rev=d6312a85563a8224b04e1ee149f977b7ae5e9ff4#d6312a85563a8224b04e1ee149f977b7ae5e9ff4"
dependencies = [
 "rpg-core",
 "rpg-ir",
 "rulebench-combat",
 "rulebench-content",
 "rulebench-replay",
 "serde",
]

[[package]]
name = "rulebench-replay"
version = "0.1.0"
source = "git+https://github.com/FuzzySlipper/asha-rulebench.git?rev=d6312a85563a8224b04e1ee149f977b7ae5e9ff4#d6312a85563a8224b04e1ee149f977b7ae5e9ff4"
dependencies = [
 "rpg-core",
 "rulebench-combat",
]

[[package]]
name = "runtime-bridge-api"
version = "0.1.0"
source = "git+https://github.com/FuzzySlipper/asha-engine.git?rev=67ce55dba602ad61e1b9ca3b0ad01a22fa4fe148#67ce55dba602ad61e1b9ca3b0ad01a22fa4fe148"
dependencies = [
 "core-assets",
 "core-catalog",
 "core-commands",
 "core-entity",
 "core-error",
 "core-ids",
 "core-math",
 "core-scene",
 "core-space",
 "core-voxel",
 "game-rule-extension",
 "gameplay-runtime-host",
 "protocol-assets",
 "protocol-diagnostics",
 "protocol-entity-authoring",
 "protocol-game-extension",
 "protocol-game-rules",
 "protocol-input",
 "protocol-presentation",
 "protocol-render",
 "protocol-scene",
 "protocol-time-control",
 "protocol-view",
 "protocol-voxel-annotation",
 "protocol-voxel-asset",
 "protocol-voxel-conversion",
 "protocol-voxel-edit-history",
 "render-animation",
 "render-audio",
 "render-billboard",
 "render-particle",
 "render-telemetry-overlay",
 "rule-animation-controller",
 "rule-gameplay-fabric",
 "rule-input",
 "rule-lifecycle",
 "rule-voxel-edit",
 "serde",
 "serde_json",
 "sim-runner",
 "svc-collision",
 "svc-combat",
 "svc-game-rules",
 "svc-levelgen",
 "svc-mesh",
 "svc-mesh-import",
 "svc-pathfinding",
 "svc-serialization",
 "svc-spatial",
 "svc-volume",
 "svc-voxel-annotation",
 "svc-voxel-asset",
 "svc-voxel-conversion",
]

[[package]]
name = "safe_arch"
version = "1.0.0"
source = "registry+https://github.com/rust-lang/crates.io-index"
checksum = "1f7caad094bd561859bcd467734a720c3c1f5d1f338995351fefe2190c45efed"
dependencies = [
 "bytemuck",
]

[[package]]
name = "serde"
version = "1.0.228"
source = "registry+https://github.com/rust-lang/crates.io-index"
checksum = "9a8e94ea7f378bd32cbbd37198a4a91436180c5bb472411e48b5ec2e2124ae9e"
dependencies = [
 "serde_core",
 "serde_derive",
]

[[package]]
name = "serde_core"
version = "1.0.228"
source = "registry+https://github.com/rust-lang/crates.io-index"
checksum = "41d385c7d4ca58e59fc732af25c3983b67ac852c1a25000afe1175de458b67ad"
dependencies = [
 "serde_derive",
]

[[package]]
name = "serde_derive"
version = "1.0.228"
source = "registry+https://github.com/rust-lang/crates.io-index"
checksum = "d540f220d3187173da220f885ab66608367b6574e925011a9353e4badda91d79"
dependencies = [
 "proc-macro2",
 "quote",
 "syn",
]

[[package]]
name = "serde_json"
version = "1.0.150"
source = "registry+https://github.com/rust-lang/crates.io-index"
checksum = "e8014e44b4736ed0538adeecded0fce2a272f22dc9578a7eb6b2d9993c74cfb9"
dependencies = [
 "itoa",
 "memchr",
 "serde",
 "serde_core",
 "zmij",
]

[[package]]
name = "sha2"
version = "0.10.9"
source = "registry+https://github.com/rust-lang/crates.io-index"
checksum = "a7507d819769d01a365ab707794a4084392c824f54a7a6a7862f8c3d0892b283"
dependencies = [
 "cfg-if",
 "cpufeatures",
 "digest",
]

[[package]]
name = "sim-applier"
version = "0.1.0"
source = "git+https://github.com/FuzzySlipper/asha-engine.git?rev=67ce55dba602ad61e1b9ca3b0ad01a22fa4fe148#67ce55dba602ad61e1b9ca3b0ad01a22fa4fe148"
dependencies = [
 "core-events",
 "core-ids",
 "core-state",
]

[[package]]
name = "sim-kernel"
version = "0.1.0"
source = "git+https://github.com/FuzzySlipper/asha-engine.git?rev=67ce55dba602ad61e1b9ca3b0ad01a22fa4fe148#67ce55dba602ad61e1b9ca3b0ad01a22fa4fe148"
dependencies = [
 "core-commands",
 "core-events",
 "core-ids",
 "core-state",
]

[[package]]
name = "sim-replay"
version = "0.1.0"
source = "git+https://github.com/FuzzySlipper/asha-engine.git?rev=67ce55dba602ad61e1b9ca3b0ad01a22fa4fe148#67ce55dba602ad61e1b9ca3b0ad01a22fa4fe148"
dependencies = [
 "core-commands",
 "core-events",
 "core-ids",
 "protocol-replay",
]

[[package]]
name = "sim-runner"
version = "0.1.0"
source = "git+https://github.com/FuzzySlipper/asha-engine.git?rev=67ce55dba602ad61e1b9ca3b0ad01a22fa4fe148#67ce55dba602ad61e1b9ca3b0ad01a22fa4fe148"
dependencies = [
 "core-commands",
 "core-events",
 "core-ids",
 "core-snapshot",
 "core-state",
 "sim-applier",
 "sim-kernel",
 "sim-replay",
 "sim-validator",
]

[[package]]
name = "sim-validator"
version = "0.1.0"
source = "git+https://github.com/FuzzySlipper/asha-engine.git?rev=67ce55dba602ad61e1b9ca3b0ad01a22fa4fe148#67ce55dba602ad61e1b9ca3b0ad01a22fa4fe148"
dependencies = [
 "core-commands",
 "core-events",
 "core-ids",
 "core-state",
]

[[package]]
name = "simba"
version = "0.10.0"
source = "registry+https://github.com/rust-lang/crates.io-index"
checksum = "8f45c644a9f3a386f9288625d9f0c1e999e1acf07a37df35d0516c7f199d9cb2"
dependencies = [
 "approx",
 "num-complex",
 "num-traits",
 "wide",
]

[[package]]
name = "slab"
version = "0.4.12"
source = "registry+https://github.com/rust-lang/crates.io-index"
checksum = "0c790de23124f9ab44544d7ac05d60440adc586479ce501c1d6d7da3cd8c9cf5"

[[package]]
name = "smallvec"
version = "1.15.2"
source = "registry+https://github.com/rust-lang/crates.io-index"
checksum = "8ed6a63f02c8539c91a8685a86f4099661ba3da017932f6ebbea6de3f0fa7c90"

[[package]]
name = "spade"
version = "2.15.1"
source = "registry+https://github.com/rust-lang/crates.io-index"
checksum = "9699399fd9349b00b184f5635b074f9ec93afffef30c853f8c875b32c0f8c7fa"
dependencies = [
 "hashbrown 0.16.1",
 "num-traits",
 "robust",
 "smallvec",
]

[[package]]
name = "stable_deref_trait"
version = "1.2.1"
source = "registry+https://github.com/rust-lang/crates.io-index"
checksum = "6ce2be8dc25455e1f91df71bfa12ad37d7af1092ae736f3a6cd0e37bc7810596"

[[package]]
name = "svc-collision"
version = "0.1.0"
source = "git+https://github.com/FuzzySlipper/asha-engine.git?rev=67ce55dba602ad61e1b9ca3b0ad01a22fa4fe148#67ce55dba602ad61e1b9ca3b0ad01a22fa4fe148"
dependencies = [
 "core-space",
 "core-voxel",
 "parry3d-f64",
 "svc-spatial",
 "svc-volume",
]

[[package]]
name = "svc-combat"
version = "0.1.0"
source = "git+https://github.com/FuzzySlipper/asha-engine.git?rev=67ce55dba602ad61e1b9ca3b0ad01a22fa4fe148#67ce55dba602ad61e1b9ca3b0ad01a22fa4fe148"
dependencies = [
 "core-ids",
 "core-space",
 "svc-collision",
]

[[package]]
name = "svc-entity-authoring"
version = "0.1.0"
source = "git+https://github.com/FuzzySlipper/asha-engine.git?rev=67ce55dba602ad61e1b9ca3b0ad01a22fa4fe148#67ce55dba602ad61e1b9ca3b0ad01a22fa4fe148"
dependencies = [
 "core-assets",
 "core-entity",
 "core-ids",
 "core-math",
 "protocol-entity-authoring",
]

[[package]]
name = "svc-game-rules"
version = "0.1.0"
source = "git+https://github.com/FuzzySlipper/asha-engine.git?rev=67ce55dba602ad61e1b9ca3b0ad01a22fa4fe148#67ce55dba602ad61e1b9ca3b0ad01a22fa4fe148"
dependencies = [
 "core-game-rules",
 "core-ids",
 "core-time",
 "protocol-diagnostics",
 "protocol-game-rules",
]

[[package]]
name = "svc-gameplay-fabric"
version = "0.1.0"
source = "git+https://github.com/FuzzySlipper/asha-engine.git?rev=67ce55dba602ad61e1b9ca3b0ad01a22fa4fe148#67ce55dba602ad61e1b9ca3b0ad01a22fa4fe148"
dependencies = [
 "protocol-diagnostics",
 "protocol-game-extension",
]

[[package]]
name = "svc-levelgen"
version = "0.1.0"
source = "git+https://github.com/FuzzySlipper/asha-engine.git?rev=67ce55dba602ad61e1b9ca3b0ad01a22fa4fe148#67ce55dba602ad61e1b9ca3b0ad01a22fa4fe148"
dependencies = [
 "core-events",
 "core-space",
 "core-voxel",
 "svc-rng",
 "svc-spatial",
 "svc-volume",
]

[[package]]
name = "svc-mesh"
version = "0.1.0"
source = "git+https://github.com/FuzzySlipper/asha-engine.git?rev=67ce55dba602ad61e1b9ca3b0ad01a22fa4fe148#67ce55dba602ad61e1b9ca3b0ad01a22fa4fe148"
dependencies = [
 "core-space",
 "core-voxel",
 "svc-spatial",
 "svc-volume",
]

[[package]]
name = "svc-mesh-import"
version = "0.1.0"
source = "git+https://github.com/FuzzySlipper/asha-engine.git?rev=67ce55dba602ad61e1b9ca3b0ad01a22fa4fe148#67ce55dba602ad61e1b9ca3b0ad01a22fa4fe148"
dependencies = [
 "gltf",
 "protocol-voxel-conversion",
 "sha2",
]

[[package]]
name = "svc-pathfinding"
version = "0.1.0"
source = "git+https://github.com/FuzzySlipper/asha-engine.git?rev=67ce55dba602ad61e1b9ca3b0ad01a22fa4fe148#67ce55dba602ad61e1b9ca3b0ad01a22fa4fe148"
dependencies = [
 "core-math",
 "core-space",
 "svc-spatial",
]

[[package]]
name = "svc-rng"
version = "0.1.0"
source = "git+https://github.com/FuzzySlipper/asha-engine.git?rev=67ce55dba602ad61e1b9ca3b0ad01a22fa4fe148#67ce55dba602ad61e1b9ca3b0ad01a22fa4fe148"

[[package]]
name = "svc-serialization"
version = "0.1.0"
source = "git+https://github.com/FuzzySlipper/asha-engine.git?rev=67ce55dba602ad61e1b9ca3b0ad01a22fa4fe148#67ce55dba602ad61e1b9ca3b0ad01a22fa4fe148"
dependencies = [
 "core-assets",
 "core-error",
 "core-ids",
 "core-scene",
 "serde_json",
]

[[package]]
name = "svc-spatial"
version = "0.1.0"
source = "git+https://github.com/FuzzySlipper/asha-engine.git?rev=67ce55dba602ad61e1b9ca3b0ad01a22fa4fe148#67ce55dba602ad61e1b9ca3b0ad01a22fa4fe148"
dependencies = [
 "core-space",
 "core-voxel",
 "svc-volume",
]

[[package]]
name = "svc-volume"
version = "0.1.0"
source = "git+https://github.com/FuzzySlipper/asha-engine.git?rev=67ce55dba602ad61e1b9ca3b0ad01a22fa4fe148#67ce55dba602ad61e1b9ca3b0ad01a22fa4fe148"
dependencies = [
 "core-space",
 "core-voxel",
]

[[package]]
name = "svc-voxel-annotation"
version = "0.1.0"
source = "git+https://github.com/FuzzySlipper/asha-engine.git?rev=67ce55dba602ad61e1b9ca3b0ad01a22fa4fe148#67ce55dba602ad61e1b9ca3b0ad01a22fa4fe148"
dependencies = [
 "core-assets",
 "protocol-diagnostics",
 "protocol-voxel-annotation",
 "serde_json",
]

[[package]]
name = "svc-voxel-asset"
version = "0.1.0"
source = "git+https://github.com/FuzzySlipper/asha-engine.git?rev=67ce55dba602ad61e1b9ca3b0ad01a22fa4fe148#67ce55dba602ad61e1b9ca3b0ad01a22fa4fe148"
dependencies = [
 "core-assets",
 "protocol-diagnostics",
 "protocol-voxel-asset",
 "serde_json",
]

[[package]]
name = "svc-voxel-conversion"
version = "0.1.0"
source = "git+https://github.com/FuzzySlipper/asha-engine.git?rev=67ce55dba602ad61e1b9ca3b0ad01a22fa4fe148#67ce55dba602ad61e1b9ca3b0ad01a22fa4fe148"
dependencies = [
 "core-voxel",
 "protocol-diagnostics",
 "protocol-voxel-conversion",
]

[[package]]
name = "syn"
version = "2.0.119"
source = "registry+https://github.com/rust-lang/crates.io-index"
checksum = "872831b642d1a07999a962a351ed35b955ea2cfc8f3862091e2a240a84f17297"
dependencies = [
 "proc-macro2",
 "quote",
 "unicode-ident",
]

[[package]]
name = "thiserror"
version = "2.0.18"
source = "registry+https://github.com/rust-lang/crates.io-index"
checksum = "4288b5bcbc7920c07a1149a35cf9590a2aa808e0bc1eafaade0b80947865fbc4"
dependencies = [
 "thiserror-impl",
]

[[package]]
name = "thiserror-impl"
version = "2.0.18"
source = "registry+https://github.com/rust-lang/crates.io-index"
checksum = "ebc4ee7f67670e9b64d05fa4253e753e016c6c95ff35b89b7941d6b856dec1d5"
dependencies = [
 "proc-macro2",
 "quote",
 "syn",
]

[[package]]
name = "typenum"
version = "1.20.1"
source = "registry+https://github.com/rust-lang/crates.io-index"
checksum = "b6f5e870be6c3b371b77fe0ee0bafb859fa4964b4404c27de1d380043c4dda20"

[[package]]
name = "unicode-ident"
version = "1.0.24"
source = "registry+https://github.com/rust-lang/crates.io-index"
checksum = "e6e4313cd5fcd3dad5cafa179702e2b244f760991f45397d14d4ebf38247da75"

[[package]]
name = "version_check"
version = "0.9.5"
source = "registry+https://github.com/rust-lang/crates.io-index"
checksum = "0b928f33d975fc6ad9f86c8f283853ad26bdd5b10b7f1542aa2fa15e2289105a"

[[package]]
name = "wide"
version = "1.5.0"
source = "registry+https://github.com/rust-lang/crates.io-index"
checksum = "dfdfe6a32973f2d1b268b8895845a8a96cac2f0191e72c27cc929036060dbf89"
dependencies = [
 "bytemuck",
 "safe_arch",
]

[[package]]
name = "zmij"
version = "1.0.23"
source = "registry+https://github.com/rust-lang/crates.io-index"
checksum = "29666d0abbfad1e3dc4dcf6144730dd3a3ab225bbbdac83319345b1b44ccfc1b"
